
Microsoft Visual Studio Solution File, Format Version 12.00
# Visual Studio Version 16
VisualStudioVersion = 16.0.31424.327
MinimumVisualStudioVersion = 10.0.40219.1
Project("{9A19103F-16F7-4668-BE54-9A1E7A4F7556}") = "Biteline.Server", "Biteline\Server\Biteline.Server.csproj", "{11599C02-DE59-4740-B461-37D2C85278EC}"
EndProject
Project("{9A19103F-16F7-4668-BE54-9A1E7A4F7556}") = "Biteline.Client", "Biteline\Client\Biteline.Client.csproj", "{085049FE-894C-4BF7-9F91-AB75C66A4CF3}"
EndProject
Project("{9A19103F-16F7-4668-BE54-9A1E7A4F7556}") = "Biteline.Shared", "Biteline\Shared\Biteline.Shared.csproj", "{8D6E998E-BD2B-49B2-A495-836B552972B5}"
EndProject
Global
	GlobalSection(SolutionConfigurationPlatforms) = preSolution
		Debug|Any CPU = Debug|Any CPU
		Release|Any CPU = Release|Any CPU
	EndGlobalSection
	GlobalSection(ProjectConfigurationPlatforms) = postSolution
		{11599C02-DE59-4740-B461-37D2C85278EC}.Debug|Any CPU.ActiveCfg = Debug|Any CPU
		{11599C02-DE59-4740-B461-37D2C85278EC}.Debug|Any CPU.Build.0 = Debug|Any CPU
		{11599C02-DE59-4740-B461-37D2C85278EC}.Release|Any CPU.ActiveCfg = Release|Any CPU
		{11599C02-DE59-4740-B461-37D2C85278EC}.Release|Any CPU.Build.0 = Release|Any CPU
		{085049FE-894C-4BF7-9F91-AB75C66A4CF3}.Debug|Any CPU.ActiveCfg = Debug|Any CPU
		{085049FE-894C-4BF7-9F91-AB75C66A4CF3}.Debug|Any CPU.Build.0 = Debug|Any CPU
		{085049FE-894C-4BF7-9F91-AB75C66A4CF3}.Release|Any CPU.ActiveCfg = Release|Any CPU
		{085049FE-894C-4BF7-9F91-AB75C66A4CF3}.Release|Any CPU.Build.0 = Release|Any CPU
		{8D6E998E-BD2B-49B2-A495-836B552972B5}.Debug|Any CPU.ActiveCfg = Debug|Any CPU
		{8D6E998E-BD2B-49B2-A495-836B552972B5}.Debug|Any CPU.Build.0 = Debug|Any CPU
		{8D6E998E-BD2B-49B2-A495-836B552972B5}.Release|Any CPU.ActiveCfg = Release|Any CPU
		{8D6E998E-BD2B-49B2-A495-836B552972B5}.Release|Any CPU.Build.0 = Release|Any CPU
	EndGlobalSection
	GlobalSection(SolutionProperties) = preSolution
		HideSolutionNode = FALSE
	EndGlobalSection
	GlobalSection(ExtensibilityGlobals) = postSolution
		SolutionGuid = {6EB61276-8792-4DE6-AC93-28FD40722948}
	EndGlobalSection
EndGlobal
